
Microsoft Visual Studio Solution File, Format Version 12.00
# Visual Studio Version 16
VisualStudioVersion = 25.0.1706.6
MinimumVisualStudioVersion = 10.0.40219.1
Project("{FAE04EC0-301F-11D3-BF4B-00C04F79EFBC}") = "ProjetAarchitecture", "ProjetAarchitecture\ProjetAarchitecture.csproj", "{B8AC5D33-1245-472D-B05E-1EE04BF8167C}"
EndProject
Project("{FAE04EC0-301F-11D3-BF4B-00C04F79EFBC}") = "ProjetAarchitectureTest", "ProjetAarchitectureTest\ProjetAarchitectureTest.csproj", "{60E9879E-C38E-4CB8-B490-DC11181BFE81}"
EndProject
Global
	GlobalSection(SolutionConfigurationPlatforms) = preSolution
		Debug|Any CPU = Debug|Any CPU
		Release|Any CPU = Release|Any CPU
	EndGlobalSection
	GlobalSection(ProjectConfigurationPlatforms) = postSolution
		{B8AC5D33-1245-472D-B05E-1EE04BF8167C}.Debug|Any CPU.ActiveCfg = Debug|Any CPU
		{B8AC5D33-1245-472D-B05E-1EE04BF8167C}.Debug|Any CPU.Build.0 = Debug|Any CPU
		{B8AC5D33-1245-472D-B05E-1EE04BF8167C}.Release|Any CPU.ActiveCfg = Release|Any CPU
		{B8AC5D33-1245-472D-B05E-1EE04BF8167C}.Release|Any CPU.Build.0 = Release|Any CPU
		{60E9879E-C38E-4CB8-B490-DC11181BFE81}.Debug|Any CPU.ActiveCfg = Debug|Any CPU
		{60E9879E-C38E-4CB8-B490-DC11181BFE81}.Debug|Any CPU.Build.0 = Debug|Any CPU
		{60E9879E-C38E-4CB8-B490-DC11181BFE81}.Release|Any CPU.ActiveCfg = Release|Any CPU
		{60E9879E-C38E-4CB8-B490-DC11181BFE81}.Release|Any CPU.Build.0 = Release|Any CPU
	EndGlobalSection
	GlobalSection(SolutionProperties) = preSolution
		HideSolutionNode = FALSE
	EndGlobalSection
	GlobalSection(ExtensibilityGlobals) = postSolution
		SolutionGuid = {4DCA962C-21B0-42FC-B897-82B40E43DA91}
	EndGlobalSection
EndGlobal
